
Microsoft Visual Studio Solution File, Format Version 12.00
# Visual Studio 2010
Project("{FAE04EC0-301F-11D3-BF4B-00C04F79EFBC}") = "ControlEnergyBoilersTEC1", "ControlEnergyBoilersTEC1\ControlEnergyBoilersTEC1.csproj", "{799AC65B-A829-4D23-813C-5D47F09D2092}"
	ProjectSection(ProjectDependencies) = postProject
		{33115C7A-DBDD-42FE-B795-1BDFE17AC896} = {33115C7A-DBDD-42FE-B795-1BDFE17AC896}
		{33115C7A-DBDD-42FE-B795-1BDFE17AC896} = {33115C7A-DBDD-42FE-B795-1BDFE17AC896}
		{33115C7A-DBDD-42FE-B795-1BDFE17AC896} = {33115C7A-DBDD-42FE-B795-1BDFE17AC896}
	EndProjectSection
EndProject
Project("{FAE04EC0-301F-11D3-BF4B-00C04F79EFBC}") = "ControlEnergyBoilersTEC1.Web", "ControlEnergyBoilersTEC1.Web\ControlEnergyBoilersTEC1.Web.csproj", "{33115C7A-DBDD-42FE-B795-1BDFE17AC896}"
EndProject
Global
	GlobalSection(TeamFoundationVersionControl) = preSolution
		SccNumberOfProjects = 3
		SccEnterpriseProvider = {4CA58AB2-18FA-4F8D-95D4-32DDF27D184C}
		SccTeamFoundationServer = http://tfs:8080/tfs/defaultcollection
		SccLocalPath0 = .
		SccProjectUniqueName1 = ControlEnergyBoilersTEC1.Web\\ControlEnergyBoilersTEC1.Web.csproj
		SccProjectName1 = ControlEnergyBoilersTEC1.Web
		SccLocalPath1 = ControlEnergyBoilersTEC1.Web
		SccProjectUniqueName2 = ControlEnergyBoilersTEC1\\ControlEnergyBoilersTEC1.csproj
		SccProjectName2 = ControlEnergyBoilersTEC1
		SccLocalPath2 = ControlEnergyBoilersTEC1
	EndGlobalSection
	GlobalSection(SolutionConfigurationPlatforms) = preSolution
		Debug|Any CPU = Debug|Any CPU
		Release|Any CPU = Release|Any CPU
	EndGlobalSection
	GlobalSection(ProjectConfigurationPlatforms) = postSolution
		{799AC65B-A829-4D23-813C-5D47F09D2092}.Debug|Any CPU.ActiveCfg = Debug|Any CPU
		{799AC65B-A829-4D23-813C-5D47F09D2092}.Debug|Any CPU.Build.0 = Debug|Any CPU
		{799AC65B-A829-4D23-813C-5D47F09D2092}.Release|Any CPU.ActiveCfg = Release|Any CPU
		{799AC65B-A829-4D23-813C-5D47F09D2092}.Release|Any CPU.Build.0 = Release|Any CPU
		{33115C7A-DBDD-42FE-B795-1BDFE17AC896}.Debug|Any CPU.ActiveCfg = Debug|Any CPU
		{33115C7A-DBDD-42FE-B795-1BDFE17AC896}.Debug|Any CPU.Build.0 = Debug|Any CPU
		{33115C7A-DBDD-42FE-B795-1BDFE17AC896}.Release|Any CPU.ActiveCfg = Release|Any CPU
		{33115C7A-DBDD-42FE-B795-1BDFE17AC896}.Release|Any CPU.Build.0 = Release|Any CPU
	EndGlobalSection
	GlobalSection(SolutionProperties) = preSolution
		HideSolutionNode = FALSE
	EndGlobalSection
EndGlobal
